
Microsoft Visual Studio Solution File, Format Version 12.00
# Visual Studio Version 17
VisualStudioVersion = 17.0.32014.148
MinimumVisualStudioVersion = 10.0.40219.1
Project("{FAE04EC0-301F-11D3-BF4B-00C04F79EFBC}") = "recipes-backend", "recipes-backend\recipes-backend.csproj", "{EADD8853-DA73-472A-828E-64957E87C497}"
EndProject
Project("{2150E333-8FDC-42A3-9474-1A3956D46DE8}") = "Solution Items", "Solution Items", "{DBAE4494-35EA-4DF0-A2A3-82C133A87B43}"
	ProjectSection(SolutionItems) = preProject
		.editorconfig = .editorconfig
	EndProjectSection
EndProject
Global
	GlobalSection(SolutionConfigurationPlatforms) = preSolution
		Debug|Any CPU = Debug|Any CPU
		Release|Any CPU = Release|Any CPU
	EndGlobalSection
	GlobalSection(ProjectConfigurationPlatforms) = postSolution
		{EADD8853-DA73-472A-828E-64957E87C497}.Debug|Any CPU.ActiveCfg = Debug|Any CPU
		{EADD8853-DA73-472A-828E-64957E87C497}.Debug|Any CPU.Build.0 = Debug|Any CPU
		{EADD8853-DA73-472A-828E-64957E87C497}.Release|Any CPU.ActiveCfg = Release|Any CPU
		{EADD8853-DA73-472A-828E-64957E87C497}.Release|Any CPU.Build.0 = Release|Any CPU
	EndGlobalSection
	GlobalSection(SolutionProperties) = preSolution
		HideSolutionNode = FALSE
	EndGlobalSection
	GlobalSection(ExtensibilityGlobals) = postSolution
		SolutionGuid = {9FEA9F5F-7995-4F50-AE17-9071550959BD}
	EndGlobalSection
EndGlobal
